
Microsoft Visual Studio Solution File, Format Version 12.00
# Visual Studio Version 17
VisualStudioVersion = 17.3.32929.385
MinimumVisualStudioVersion = 10.0.40219.1
Project("{FAE04EC0-301F-11D3-BF4B-00C04F79EFBC}") = "BookHooked.Web", "BookHooked.Web\BookHooked.Web.csproj", "{68455437-51B6-420C-906E-818048C57424}"
EndProject
Global
	GlobalSection(SolutionConfigurationPlatforms) = preSolution
		Debug|Any CPU = Debug|Any CPU
		Release|Any CPU = Release|Any CPU
	EndGlobalSection
	GlobalSection(ProjectConfigurationPlatforms) = postSolution
		{68455437-51B6-420C-906E-818048C57424}.Debug|Any CPU.ActiveCfg = Debug|Any CPU
		{68455437-51B6-420C-906E-818048C57424}.Debug|Any CPU.Build.0 = Debug|Any CPU
		{68455437-51B6-420C-906E-818048C57424}.Release|Any CPU.ActiveCfg = Release|Any CPU
		{68455437-51B6-420C-906E-818048C57424}.Release|Any CPU.Build.0 = Release|Any CPU
	EndGlobalSection
	GlobalSection(SolutionProperties) = preSolution
		HideSolutionNode = FALSE
	EndGlobalSection
	GlobalSection(ExtensibilityGlobals) = postSolution
		SolutionGuid = {2A578FBB-177D-4828-9958-E52C62E841D6}
	EndGlobalSection
EndGlobal
